
Microsoft Visual Studio Solution File, Format Version 12.00
# Visual Studio 15
VisualStudioVersion = 15.0.28307.271
MinimumVisualStudioVersion = 10.0.40219.1
Project("{8BC9CEB8-8B4A-11D0-8D11-00A0C91BC942}") = "task_1", "task_1\task_1.vcxproj", "{BEF6E1A3-3951-45B8-AE57-B95CD9A2AAD4}"
EndProject
Project("{8BC9CEB8-8B4A-11D0-8D11-00A0C91BC942}") = "task_2", "task_2\task_2.vcxproj", "{BB7082C2-5E14-4FC0-8F49-9545775DBB00}"
EndProject
Global
	GlobalSection(SolutionConfigurationPlatforms) = preSolution
		Debug|x64 = Debug|x64
		Debug|x86 = Debug|x86
		Release|x64 = Release|x64
		Release|x86 = Release|x86
	EndGlobalSection
	GlobalSection(ProjectConfigurationPlatforms) = postSolution
		{BEF6E1A3-3951-45B8-AE57-B95CD9A2AAD4}.Debug|x64.ActiveCfg = Debug|x64
		{BEF6E1A3-3951-45B8-AE57-B95CD9A2AAD4}.Debug|x64.Build.0 = Debug|x64
		{BEF6E1A3-3951-45B8-AE57-B95CD9A2AAD4}.Debug|x86.ActiveCfg = Debug|Win32
		{BEF6E1A3-3951-45B8-AE57-B95CD9A2AAD4}.Debug|x86.Build.0 = Debug|Win32
		{BEF6E1A3-3951-45B8-AE57-B95CD9A2AAD4}.Release|x64.ActiveCfg = Release|x64
		{BEF6E1A3-3951-45B8-AE57-B95CD9A2AAD4}.Release|x64.Build.0 = Release|x64
		{BEF6E1A3-3951-45B8-AE57-B95CD9A2AAD4}.Release|x86.ActiveCfg = Release|Win32
		{BEF6E1A3-3951-45B8-AE57-B95CD9A2AAD4}.Release|x86.Build.0 = Release|Win32
		{BB7082C2-5E14-4FC0-8F49-9545775DBB00}.Debug|x64.ActiveCfg = Debug|x64
		{BB7082C2-5E14-4FC0-8F49-9545775DBB00}.Debug|x64.Build.0 = Debug|x64
		{BB7082C2-5E14-4FC0-8F49-9545775DBB00}.Debug|x86.ActiveCfg = Debug|Win32
		{BB7082C2-5E14-4FC0-8F49-9545775DBB00}.Debug|x86.Build.0 = Debug|Win32
		{BB7082C2-5E14-4FC0-8F49-9545775DBB00}.Release|x64.ActiveCfg = Release|x64
		{BB7082C2-5E14-4FC0-8F49-9545775DBB00}.Release|x64.Build.0 = Release|x64
		{BB7082C2-5E14-4FC0-8F49-9545775DBB00}.Release|x86.ActiveCfg = Release|Win32
		{BB7082C2-5E14-4FC0-8F49-9545775DBB00}.Release|x86.Build.0 = Release|Win32
	EndGlobalSection
	GlobalSection(SolutionProperties) = preSolution
		HideSolutionNode = FALSE
	EndGlobalSection
	GlobalSection(ExtensibilityGlobals) = postSolution
		SolutionGuid = {A7880457-E415-4C2E-BD87-2AA52E574B81}
	EndGlobalSection
EndGlobal
