
Microsoft Visual Studio Solution File, Format Version 12.00
# Visual Studio 15
VisualStudioVersion = 15.0.28307.329
MinimumVisualStudioVersion = 10.0.40219.1
Project("{8BC9CEB8-8B4A-11D0-8D11-00A0C91BC942}") = "task_01", "task_01\task_01.vcxproj", "{CC1C7AC6-DBF9-4D88-A49B-C662B3BA45E0}"
EndProject
Project("{8BC9CEB8-8B4A-11D0-8D11-00A0C91BC942}") = "task_02", "task_02\task_02.vcxproj", "{7645CEE3-489A-4C44-8187-83ED45DC21C5}"
EndProject
Global
	GlobalSection(SolutionConfigurationPlatforms) = preSolution
		Debug|Any CPU = Debug|Any CPU
		Debug|x64 = Debug|x64
		Debug|x86 = Debug|x86
		Release|Any CPU = Release|Any CPU
		Release|x64 = Release|x64
		Release|x86 = Release|x86
	EndGlobalSection
	GlobalSection(ProjectConfigurationPlatforms) = postSolution
		{CC1C7AC6-DBF9-4D88-A49B-C662B3BA45E0}.Debug|Any CPU.ActiveCfg = Debug|Win32
		{CC1C7AC6-DBF9-4D88-A49B-C662B3BA45E0}.Debug|x64.ActiveCfg = Debug|x64
		{CC1C7AC6-DBF9-4D88-A49B-C662B3BA45E0}.Debug|x64.Build.0 = Debug|x64
		{CC1C7AC6-DBF9-4D88-A49B-C662B3BA45E0}.Debug|x86.ActiveCfg = Debug|Win32
		{CC1C7AC6-DBF9-4D88-A49B-C662B3BA45E0}.Debug|x86.Build.0 = Debug|Win32
		{CC1C7AC6-DBF9-4D88-A49B-C662B3BA45E0}.Release|Any CPU.ActiveCfg = Release|Win32
		{CC1C7AC6-DBF9-4D88-A49B-C662B3BA45E0}.Release|x64.ActiveCfg = Release|x64
		{CC1C7AC6-DBF9-4D88-A49B-C662B3BA45E0}.Release|x64.Build.0 = Release|x64
		{CC1C7AC6-DBF9-4D88-A49B-C662B3BA45E0}.Release|x86.ActiveCfg = Release|Win32
		{CC1C7AC6-DBF9-4D88-A49B-C662B3BA45E0}.Release|x86.Build.0 = Release|Win32
		{7645CEE3-489A-4C44-8187-83ED45DC21C5}.Debug|Any CPU.ActiveCfg = Debug|Win32
		{7645CEE3-489A-4C44-8187-83ED45DC21C5}.Debug|x64.ActiveCfg = Debug|x64
		{7645CEE3-489A-4C44-8187-83ED45DC21C5}.Debug|x64.Build.0 = Debug|x64
		{7645CEE3-489A-4C44-8187-83ED45DC21C5}.Debug|x86.ActiveCfg = Debug|Win32
		{7645CEE3-489A-4C44-8187-83ED45DC21C5}.Debug|x86.Build.0 = Debug|Win32
		{7645CEE3-489A-4C44-8187-83ED45DC21C5}.Release|Any CPU.ActiveCfg = Release|Win32
		{7645CEE3-489A-4C44-8187-83ED45DC21C5}.Release|x64.ActiveCfg = Release|x64
		{7645CEE3-489A-4C44-8187-83ED45DC21C5}.Release|x64.Build.0 = Release|x64
		{7645CEE3-489A-4C44-8187-83ED45DC21C5}.Release|x86.ActiveCfg = Release|Win32
		{7645CEE3-489A-4C44-8187-83ED45DC21C5}.Release|x86.Build.0 = Release|Win32
	EndGlobalSection
	GlobalSection(SolutionProperties) = preSolution
		HideSolutionNode = FALSE
	EndGlobalSection
	GlobalSection(ExtensibilityGlobals) = postSolution
		SolutionGuid = {C9961F63-5CA8-4305-80F7-7BD73D342227}
	EndGlobalSection
EndGlobal
